[[package]]
name = "certifi"
version = "2022.9.24"
description = "Python package for providing Mozilla's CA Bundle."
category = "main"
optional = false
python-versions = ">=3.6"

[[package]]
name = "charset-normalizer"
version = "2.1.1"
description = "The Real First Universal Charset Detector. Open, modern and actively maintained alternative to Chardet."
category = "main"
optional = false
python-versions = ">=3.6.0"

[package.extras]
unicode_backport = ["unicodedata2"]

[[package]]
name = "greenlet"
version = "1.1.3"
description = "Lightweight in-process concurrent programming"
category = "main"
optional = false
python-versions = ">=2.7,!=3.0.*,!=3.1.*,!=3.2.*,!=3.3.*,!=3.4.*"

[package.extras]
docs = ["Sphinx"]

[[package]]
name = "idna"
version = "3.4"
description = "Internationalized Domain Names in Applications (IDNA)"
category = "main"
optional = false
python-versions = ">=3.5"

[[package]]
name = "jinja2"
version = "3.0.2"
description = "A very fast and expressive template engine."
category = "main"
optional = false
python-versions = ">=3.6"

[package.dependencies]
MarkupSafe = ">=2.0"

[package.extras]
i18n = ["Babel (>=2.7)"]

[[package]]
name = "markupsafe"
version = "2.1.1"
description = "Safely add untrusted strings to HTML/XML markup."
category = "main"
optional = false
python-versions = ">=3.7"

[[package]]
name = "numpy"
version = "1.23.3"
description = "NumPy is the fundamental package for array computing with Python."
category = "main"
optional = false
python-versions = ">=3.8"

[[package]]
name = "pandas"
version = "1.3.4"
description = "Powerful data structures for data analysis, time series, and statistics"
category = "main"
optional = false
python-versions = ">=3.7.1"

[package.dependencies]
numpy = [
    {version = ">=1.17.3", markers = "platform_machine != \"aarch64\" and platform_machine != \"arm64\" and python_version < \"3.10\""},
    {version = ">=1.19.2", markers = "platform_machine == \"aarch64\" and python_version < \"3.10\""},
    {version = ">=1.20.0", markers = "platform_machine == \"arm64\" and python_version < \"3.10\""},
    {version = ">=1.21.0", markers = "python_version >= \"3.10\""},
]
python-dateutil = ">=2.7.3"
pytz = ">=2017.3"

[package.extras]
test = ["hypothesis (>=3.58)", "pytest (>=6.0)", "pytest-xdist"]

[[package]]
name = "psycopg2-binary"
version = "2.9.3"
description = "psycopg2 - Python-PostgreSQL Database Adapter"
category = "main"
optional = false
python-versions = ">=3.6"

[[package]]
name = "python-dateutil"
version = "2.8.2"
description = "Extensions to the standard Python datetime module"
category = "main"
optional = false
python-versions = "!=3.0.*,!=3.1.*,!=3.2.*,>=2.7"

[package.dependencies]
six = ">=1.5"

[[package]]
name = "python-geosupport"
version = "1.0.8"
description = "Python bindings for NYC Geosupport Desktop Edition"
category = "main"
optional = false
python-versions = "*"

[package.extras]
dev = ["coverage", "invoke (>=1.1.1)", "nose"]

[[package]]
name = "pytz"
version = "2022.4"
description = "World timezone definitions, modern and historical"
category = "main"
optional = false
python-versions = "*"

[[package]]
name = "requests"
version = "2.28.1"
description = "Python HTTP for Humans."
category = "main"
optional = false
python-versions = ">=3.7, <4"

[package.dependencies]
certifi = ">=2017.4.17"
charset-normalizer = ">=2,<3"
idna = ">=2.5,<4"
urllib3 = ">=1.21.1,<1.27"

[package.extras]
socks = ["PySocks (>=1.5.6,!=1.5.7)"]
use_chardet_on_py3 = ["chardet (>=3.0.2,<6)"]

[[package]]
name = "six"
version = "1.16.0"
description = "Python 2 and 3 compatibility utilities"
category = "main"
optional = false
python-versions = ">=2.7, !=3.0.*, !=3.1.*, !=3.2.*"

[[package]]
name = "sqlalchemy"
version = "1.4.27"
description = "Database Abstraction Library"
category = "main"
optional = false
python-versions = "!=3.0.*,!=3.1.*,!=3.2.*,!=3.3.*,!=3.4.*,!=3.5.*,>=2.7"

[package.dependencies]
greenlet = {version = "!=0.4.17", markers = "python_version >= \"3\" and (platform_machine == \"aarch64\" or platform_machine == \"ppc64le\" or platform_machine == \"x86_64\" or platform_machine == \"amd64\" or platform_machine == \"AMD64\" or platform_machine == \"win32\" or platform_machine == \"WIN32\")"}

[package.extras]
aiomysql = ["aiomysql", "greenlet (!=0.4.17)"]
aiosqlite = ["aiosqlite", "greenlet (!=0.4.17)", "typing_extensions (!=3.10.0.1)"]
asyncio = ["greenlet (!=0.4.17)"]
asyncmy = ["asyncmy (>=0.2.3)", "greenlet (!=0.4.17)"]
mariadb_connector = ["mariadb (>=1.0.1)"]
mssql = ["pyodbc"]
mssql_pymssql = ["pymssql"]
mssql_pyodbc = ["pyodbc"]
mypy = ["mypy (>=0.910)", "sqlalchemy2-stubs"]
mysql = ["mysqlclient (>=1.4.0)", "mysqlclient (>=1.4.0,<2)"]
mysql_connector = ["mysql-connector-python"]
oracle = ["cx_oracle (>=7)", "cx_oracle (>=7,<8)"]
postgresql = ["psycopg2 (>=2.7)"]
postgresql_asyncpg = ["asyncpg", "greenlet (!=0.4.17)"]
postgresql_pg8000 = ["pg8000 (>=1.16.6)"]
postgresql_psycopg2binary = ["psycopg2-binary"]
postgresql_psycopg2cffi = ["psycopg2cffi"]
pymysql = ["pymysql", "pymysql (<1)"]
sqlcipher = ["sqlcipher3_binary"]

[[package]]
name = "urllib3"
version = "1.26.12"
description = "HTTP library with thread-safe connection pooling, file post, and more."
category = "main"
optional = false
python-versions = ">=2.7, !=3.0.*, !=3.1.*, !=3.2.*, !=3.3.*, !=3.4.*, !=3.5.*, <4"

[package.extras]
brotli = ["brotli (>=1.0.9)", "brotlicffi (>=0.8.0)", "brotlipy (>=0.6.0)"]
secure = ["certifi", "cryptography (>=1.3.4)", "idna (>=2.0.0)", "ipaddress", "pyOpenSSL (>=0.14)", "urllib3-secure-extra"]
socks = ["PySocks (>=1.5.6,!=1.5.7,<2.0)"]

[[package]]
name = "utils"
version = "1.0.1"
description = "A grab-bag of utility functions and objects"
category = "main"
optional = false
python-versions = ">=3.6"

[metadata]
lock-version = "1.1"
python-versions = "^3.9"
content-hash = "ba5d46f98a2ddd261099d402be24673bada81c83ceec1c1433a1ac2d12729444"

[metadata.files]
certifi = [
    {file = "certifi-2022.9.24-py3-none-any.whl", hash = "sha256:90c1a32f1d68f940488354e36370f6cca89f0f106db09518524c88d6ed83f382"},
    {file = "certifi-2022.9.24.tar.gz", hash = "sha256:0d9c601124e5a6ba9712dbc60d9c53c21e34f5f641fe83002317394311bdce14"},
]
charset-normalizer = [
    {file = "charset-normalizer-2.1.1.tar.gz", hash = "sha256:5a3d016c7c547f69d6f81fb0db9449ce888b418b5b9952cc5e6e66843e9dd845"},
    {file = "charset_normalizer-2.1.1-py3-none-any.whl", hash = "sha256:83e9a75d1911279afd89352c68b45348559d1fc0506b054b346651b5e7fee29f"},
]
greenlet = [
    {file = "greenlet-1.1.3-cp27-cp27m-macosx_10_14_x86_64.whl", hash = "sha256:8c287ae7ac921dfde88b1c125bd9590b7ec3c900c2d3db5197f1286e144e712b"},
    {file = "greenlet-1.1.3-cp27-cp27m-manylinux1_x86_64.whl", hash = "sha256:870a48007872d12e95a996fca3c03a64290d3ea2e61076aa35d3b253cf34cd32"},
    {file = "greenlet-1.1.3-cp27-cp27m-manylinux2010_x86_64.whl", hash = "sha256:7c5227963409551ae4a6938beb70d56bf1918c554a287d3da6853526212fbe0a"},
    {file = "greenlet-1.1.3-cp27-cp27m-win32.whl", hash = "sha256:9fae214f6c43cd47f7bef98c56919b9222481e833be2915f6857a1e9e8a15318"},
    {file = "greenlet-1.1.3-cp27-cp27m-win_amd64.whl", hash = "sha256:de431765bd5fe62119e0bc6bc6e7b17ac53017ae1782acf88fcf6b7eae475a49"},
    {file = "greenlet-1.1.3-cp27-cp27mu-manylinux1_x86_64.whl", hash = "sha256:510c3b15587afce9800198b4b142202b323bf4b4b5f9d6c79cb9a35e5e3c30d2"},
    {file = "greenlet-1.1.3-cp27-cp27mu-manylinux2010_x86_64.whl", hash = "sha256:9951dcbd37850da32b2cb6e391f621c1ee456191c6ae5528af4a34afe357c30e"},
    {file = "greenlet-1.1.3-cp310-cp310-macosx_10_15_x86_64.whl", hash = "sha256:07c58e169bbe1e87b8bbf15a5c1b779a7616df9fd3e61cadc9d691740015b4f8"},
    {file = "greenlet-1.1.3-cp310-cp310-manylinux_2_17_aarch64.manylinux2014_aarch64.whl", hash = "sha256:df02fdec0c533301497acb0bc0f27f479a3a63dcdc3a099ae33a902857f07477"},
    {file = "greenlet-1.1.3-cp310-cp310-manylinux_2_17_ppc64le.manylinux2014_ppc64le.whl", hash = "sha256:9c88e134d51d5e82315a7c32b914a58751b7353eb5268dbd02eabf020b4c4700"},
    {file = "greenlet-1.1.3-cp310-cp310-manylinux_2_17_x86_64.manylinux2014_x86_64.whl", hash = "sha256:7b41d19c0cfe5c259fe6c539fd75051cd39a5d33d05482f885faf43f7f5e7d26"},
    {file = "greenlet-1.1.3-cp310-cp310-win_amd64.whl", hash = "sha256:6f5d4b2280ceea76c55c893827961ed0a6eadd5a584a7c4e6e6dd7bc10dfdd96"},
    {file = "greenlet-1.1.3-cp311-cp311-macosx_10_15_x86_64.whl", hash = "sha256:184416e481295832350a4bf731ba619a92f5689bf5d0fa4341e98b98b1265bd7"},
    {file = "greenlet-1.1.3-cp311-cp311-manylinux_2_17_aarch64.manylinux2014_aarch64.whl", hash = "sha256:dd0404d154084a371e6d2bafc787201612a1359c2dee688ae334f9118aa0bf47"},
    {file = "greenlet-1.1.3-cp311-cp311-manylinux_2_17_ppc64le.manylinux2014_ppc64le.whl", hash = "sha256:7a43bbfa9b6cfdfaeefbd91038dde65ea2c421dc387ed171613df340650874f2"},
    {file = "greenlet-1.1.3-cp311-cp311-manylinux_2_17_x86_64.manylinux2014_x86_64.whl", hash = "sha256:ce5b64dfe8d0cca407d88b0ee619d80d4215a2612c1af8c98a92180e7109f4b5"},
    {file = "greenlet-1.1.3-cp35-cp35m-macosx_10_14_x86_64.whl", hash = "sha256:903fa5716b8fbb21019268b44f73f3748c41d1a30d71b4a49c84b642c2fed5fa"},
    {file = "greenlet-1.1.3-cp35-cp35m-manylinux1_x86_64.whl", hash = "sha256:0118817c9341ef2b0f75f5af79ac377e4da6ff637e5ee4ac91802c0e379dadb4"},
    {file = "greenlet-1.1.3-cp35-cp35m-manylinux2010_x86_64.whl", hash = "sha256:466ce0928e33421ee84ae04c4ac6f253a3a3e6b8d600a79bd43fd4403e0a7a76"},
    {file = "greenlet-1.1.3-cp35-cp35m-win32.whl", hash = "sha256:65ad1a7a463a2a6f863661329a944a5802c7129f7ad33583dcc11069c17e622c"},
    {file = "greenlet-1.1.3-cp35-cp35m-win_amd64.whl", hash = "sha256:7532a46505470be30cbf1dbadb20379fb481244f1ca54207d7df3bf0bbab6a20"},
    {file = "greenlet-1.1.3-cp36-cp36m-macosx_10_14_x86_64.whl", hash = "sha256:caff52cb5cd7626872d9696aee5b794abe172804beb7db52eed1fd5824b63910"},
    {file = "greenlet-1.1.3-cp36-cp36m-manylinux1_x86_64.whl", hash = "sha256:db41f3845eb579b544c962864cce2c2a0257fe30f0f1e18e51b1e8cbb4e0ac6d"},
    {file = "greenlet-1.1.3-cp36-cp36m-manylinux2010_x86_64.whl", hash = "sha256:e8533f5111704d75de3139bf0b8136d3a6c1642c55c067866fa0a51c2155ee33"},
    {file = "greenlet-1.1.3-cp36-cp36m-manylinux_2_17_aarch64.manylinux2014_aarch64.whl", hash = "sha256:9537e4baf0db67f382eb29255a03154fcd4984638303ff9baaa738b10371fa57"},
    {file = "greenlet-1.1.3-cp36-cp36m-manylinux_2_17_ppc64le.manylinux2014_ppc64le.whl", hash = "sha256:f8bfd36f368efe0ab2a6aa3db7f14598aac454b06849fb633b762ddbede1db90"},
    {file = "greenlet-1.1.3-cp36-cp36m-manylinux_2_17_x86_64.manylinux2014_x86_64.whl", hash = "sha256:b0877a9a2129a2c56a2eae2da016743db7d9d6a05d5e1c198f1b7808c602a30e"},
    {file = "greenlet-1.1.3-cp36-cp36m-win32.whl", hash = "sha256:88b04e12c9b041a1e0bcb886fec709c488192638a9a7a3677513ac6ba81d8e79"},
    {file = "greenlet-1.1.3-cp36-cp36m-win_amd64.whl", hash = "sha256:4f166b4aca8d7d489e82d74627a7069ab34211ef5ebb57c300ec4b9337b60fc0"},
    {file = "greenlet-1.1.3-cp37-cp37m-macosx_10_15_x86_64.whl", hash = "sha256:cd16a89efe3a003029c87ff19e9fba635864e064da646bc749fc1908a4af18f3"},
    {file = "greenlet-1.1.3-cp37-cp37m-manylinux1_x86_64.whl", hash = "sha256:5b756e6730ea59b2745072e28ad27f4c837084688e6a6b3633c8b1e509e6ae0e"},
    {file = "greenlet-1.1.3-cp37-cp37m-manylinux2010_x86_64.whl", hash = "sha256:9b2f7d0408ddeb8ea1fd43d3db79a8cefaccadd2a812f021333b338ed6b10aba"},
    {file = "greenlet-1.1.3-cp37-cp37m-manylinux_2_17_aarch64.manylinux2014_aarch64.whl", hash = "sha256:44b4817c34c9272c65550b788913620f1fdc80362b209bc9d7dd2f40d8793080"},
    {file = "greenlet-1.1.3-cp37-cp37m-manylinux_2_17_ppc64le.manylinux2014_ppc64le.whl", hash = "sha256:d58a5a71c4c37354f9e0c24c9c8321f0185f6945ef027460b809f4bb474bfe41"},
    {file = "greenlet-1.1.3-cp37-cp37m-manylinux_2_17_x86_64.manylinux2014_x86_64.whl", hash = "sha256:1dd51d2650e70c6c4af37f454737bf4a11e568945b27f74b471e8e2a9fd21268"},
    {file = "greenlet-1.1.3-cp37-cp37m-win32.whl", hash = "sha256:048d2bed76c2aa6de7af500ae0ea51dd2267aec0e0f2a436981159053d0bc7cc"},
    {file = "greenlet-1.1.3-cp37-cp37m-win_amd64.whl", hash = "sha256:77e41db75f9958f2083e03e9dd39da12247b3430c92267df3af77c83d8ff9eed"},
    {file = "greenlet-1.1.3-cp38-cp38-macosx_10_15_x86_64.whl", hash = "sha256:1626185d938d7381631e48e6f7713e8d4b964be246073e1a1d15c2f061ac9f08"},
    {file = "greenlet-1.1.3-cp38-cp38-manylinux1_x86_64.whl", hash = "sha256:1ec2779774d8e42ed0440cf8bc55540175187e8e934f2be25199bf4ed948cd9e"},
    {file = "greenlet-1.1.3-cp38-cp38-manylinux2010_x86_64.whl", hash = "sha256:f2f908239b7098799b8845e5936c2ccb91d8c2323be02e82f8dcb4a80dcf4a25"},
    {file = "greenlet-1.1.3-cp38-cp38-manylinux_2_17_aarch64.manylinux2014_aarch64.whl", hash = "sha256:0b181e9aa6cb2f5ec0cacc8cee6e5a3093416c841ba32c185c30c160487f0380"},
    {file = "greenlet-1.1.3-cp38-cp38-manylinux_2_17_ppc64le.manylinux2014_ppc64le.whl", hash = "sha256:2cf45e339cabea16c07586306a31cfcc5a3b5e1626d365714d283732afed6809"},
    {file = "greenlet-1.1.3-cp38-cp38-manylinux_2_17_x86_64.manylinux2014_x86_64.whl", hash = "sha256:6200a11f003ec26815f7e3d2ded01b43a3810be3528dd760d2f1fa777490c3cd"},
    {file = "greenlet-1.1.3-cp38-cp38-win32.whl", hash = "sha256:db5b25265010a1b3dca6a174a443a0ed4c4ab12d5e2883a11c97d6e6d59b12f9"},
    {file = "greenlet-1.1.3-cp38-cp38-win_amd64.whl", hash = "sha256:095a980288fe05adf3d002fbb180c99bdcf0f930e220aa66fcd56e7914a38202"},
    {file = "greenlet-1.1.3-cp39-cp39-macosx_10_15_x86_64.whl", hash = "sha256:cbc1eb55342cbac8f7ec159088d54e2cfdd5ddf61c87b8bbe682d113789331b2"},
    {file = "greenlet-1.1.3-cp39-cp39-manylinux1_x86_64.whl", hash = "sha256:694ffa7144fa5cc526c8f4512665003a39fa09ef00d19bbca5c8d3406db72fbe"},
    {file = "greenlet-1.1.3-cp39-cp39-manylinux2010_x86_64.whl", hash = "sha256:aa741c1a8a8cc25eb3a3a01a62bdb5095a773d8c6a86470bde7f607a447e7905"},
    {file = "greenlet-1.1.3-cp39-cp39-manylinux_2_17_aarch64.manylinux2014_aarch64.whl", hash = "sha256:a3a669f11289a8995d24fbfc0e63f8289dd03c9aaa0cc8f1eab31d18ca61a382"},
    {file = "greenlet-1.1.3-cp39-cp39-manylinux_2_17_ppc64le.manylinux2014_ppc64le.whl", hash = "sha256:76a53bfa10b367ee734b95988bd82a9a5f0038a25030f9f23bbbc005010ca600"},
    {file = "greenlet-1.1.3-cp39-cp39-manylinux_2_17_x86_64.manylinux2014_x86_64.whl", hash = "sha256:2fb0aa7f6996879551fd67461d5d3ab0c3c0245da98be90c89fcb7a18d437403"},
    {file = "greenlet-1.1.3-cp39-cp39-win32.whl", hash = "sha256:5fbe1ab72b998ca77ceabbae63a9b2e2dc2d963f4299b9b278252ddba142d3f1"},
    {file = "greenlet-1.1.3-cp39-cp39-win_amd64.whl", hash = "sha256:ffe73f9e7aea404722058405ff24041e59d31ca23d1da0895af48050a07b6932"},
    {file = "greenlet-1.1.3.tar.gz", hash = "sha256:bcb6c6dd1d6be6d38d6db283747d07fda089ff8c559a835236560a4410340455"},
]
idna = [
    {file = "idna-3.4-py3-none-any.whl", hash = "sha256:90b77e79eaa3eba6de819a0c442c0b4ceefc341a7a2ab77d7562bf49f425c5c2"},
    {file = "idna-3.4.tar.gz", hash = "sha256:814f528e8dead7d329833b91c5faa87d60bf71824cd12a7530b5526063d02cb4"},
]
jinja2 = [
    {file = "Jinja2-3.0.2-py3-none-any.whl", hash = "sha256:8569982d3f0889eed11dd620c706d39b60c36d6d25843961f33f77fb6bc6b20c"},
    {file = "Jinja2-3.0.2.tar.gz", hash = "sha256:827a0e32839ab1600d4eb1c4c33ec5a8edfbc5cb42dafa13b81f182f97784b45"},
]
markupsafe = [
    {file = "MarkupSafe-2.1.1-cp310-cp310-macosx_10_9_universal2.whl", hash = "sha256:86b1f75c4e7c2ac2ccdaec2b9022845dbb81880ca318bb7a0a01fbf7813e3812"},
    {file = "MarkupSafe-2.1.1-cp310-cp310-macosx_10_9_x86_64.whl", hash = "sha256:f121a1420d4e173a5d96e47e9a0c0dcff965afdf1626d28de1460815f7c4ee7a"},
    {file = "MarkupSafe-2.1.1-cp310-cp310-manylinux_2_17_aarch64.manylinux2014_aarch64.whl", hash = "sha256:a49907dd8420c5685cfa064a1335b6754b74541bbb3706c259c02ed65b644b3e"},
    {file = "MarkupSafe-2.1.1-cp310-cp310-manylinux_2_17_x86_64.manylinux2014_x86_64.whl", hash = "sha256:10c1bfff05d95783da83491be968e8fe789263689c02724e0c691933c52994f5"},
    {file = "MarkupSafe-2.1.1-cp310-cp310-manylinux_2_5_i686.manylinux1_i686.manylinux_2_17_i686.manylinux2014_i686.whl", hash = "sha256:b7bd98b796e2b6553da7225aeb61f447f80a1ca64f41d83612e6139ca5213aa4"},
    {file = "MarkupSafe-2.1.1-cp310-cp310-musllinux_1_1_aarch64.whl", hash = "sha256:b09bf97215625a311f669476f44b8b318b075847b49316d3e28c08e41a7a573f"},
    {file = "MarkupSafe-2.1.1-cp310-cp310-musllinux_1_1_i686.whl", hash = "sha256:694deca8d702d5db21ec83983ce0bb4b26a578e71fbdbd4fdcd387daa90e4d5e"},
    {file = "MarkupSafe-2.1.1-cp310-cp310-musllinux_1_1_x86_64.whl", hash = "sha256:efc1913fd2ca4f334418481c7e595c00aad186563bbc1ec76067848c7ca0a933"},
    {file = "MarkupSafe-2.1.1-cp310-cp310-win32.whl", hash = "sha256:4a33dea2b688b3190ee12bd7cfa29d39c9ed176bda40bfa11099a3ce5d3a7ac6"},
    {file = "MarkupSafe-2.1.1-cp310-cp310-win_amd64.whl", hash = "sha256:dda30ba7e87fbbb7eab1ec9f58678558fd9a6b8b853530e176eabd064da81417"},
    {file = "MarkupSafe-2.1.1-cp37-cp37m-macosx_10_9_x86_64.whl", hash = "sha256:671cd1187ed5e62818414afe79ed29da836dde67166a9fac6d435873c44fdd02"},
    {file = "MarkupSafe-2.1.1-cp37-cp37m-manylinux_2_17_aarch64.manylinux2014_aarch64.whl", hash = "sha256:3799351e2336dc91ea70b034983ee71cf2f9533cdff7c14c90ea126bfd95d65a"},
    {file = "MarkupSafe-2.1.1-cp37-cp37m-manylinux_2_17_x86_64.manylinux2014_x86_64.whl", hash = "sha256:e72591e9ecd94d7feb70c1cbd7be7b3ebea3f548870aa91e2732960fa4d57a37"},
    {file = "MarkupSafe-2.1.1-cp37-cp37m-manylinux_2_5_i686.manylinux1_i686.manylinux_2_17_i686.manylinux2014_i686.whl", hash = "sha256:6fbf47b5d3728c6aea2abb0589b5d30459e369baa772e0f37a0320185e87c980"},
    {file = "MarkupSafe-2.1.1-cp37-cp37m-musllinux_1_1_aarch64.whl", hash = "sha256:d5ee4f386140395a2c818d149221149c54849dfcfcb9f1debfe07a8b8bd63f9a"},
    {file = "MarkupSafe-2.1.1-cp37-cp37m-musllinux_1_1_i686.whl", hash = "sha256:bcb3ed405ed3222f9904899563d6fc492ff75cce56cba05e32eff40e6acbeaa3"},
    {file = "MarkupSafe-2.1.1-cp37-cp37m-musllinux_1_1_x86_64.whl", hash = "sha256:e1c0b87e09fa55a220f058d1d49d3fb8df88fbfab58558f1198e08c1e1de842a"},
    {file = "MarkupSafe-2.1.1-cp37-cp37m-win32.whl", hash = "sha256:8dc1c72a69aa7e082593c4a203dcf94ddb74bb5c8a731e4e1eb68d031e8498ff"},
    {file = "MarkupSafe-2.1.1-cp37-cp37m-win_amd64.whl", hash = "sha256:97a68e6ada378df82bc9f16b800ab77cbf4b2fada0081794318520138c088e4a"},
    {file = "MarkupSafe-2.1.1-cp38-cp38-macosx_10_9_universal2.whl", hash = "sha256:e8c843bbcda3a2f1e3c2ab25913c80a3c5376cd00c6e8c4a86a89a28c8dc5452"},
    {file = "MarkupSafe-2.1.1-cp38-cp38-macosx_10_9_x86_64.whl", hash = "sha256:0212a68688482dc52b2d45013df70d169f542b7394fc744c02a57374a4207003"},
    {file = "MarkupSafe-2.1.1-cp38-cp38-manylinux_2_17_aarch64.manylinux2014_aarch64.whl", hash = "sha256:8e576a51ad59e4bfaac456023a78f6b5e6e7651dcd383bcc3e18d06f9b55d6d1"},
    {file = "MarkupSafe-2.1.1-cp38-cp38-manylinux_2_17_x86_64.manylinux2014_x86_64.whl", hash = "sha256:4b9fe39a2ccc108a4accc2676e77da025ce383c108593d65cc909add5c3bd601"},
    {file = "MarkupSafe-2.1.1-cp38-cp38-manylinux_2_5_i686.manylinux1_i686.manylinux_2_17_i686.manylinux2014_i686.whl", hash = "sha256:96e37a3dc86e80bf81758c152fe66dbf60ed5eca3d26305edf01892257049925"},
    {file = "MarkupSafe-2.1.1-cp38-cp38-musllinux_1_1_aarch64.whl", hash = "sha256:6d0072fea50feec76a4c418096652f2c3238eaa014b2f94aeb1d56a66b41403f"},
    {file = "MarkupSafe-2.1.1-cp38-cp38-musllinux_1_1_i686.whl", hash = "sha256:089cf3dbf0cd6c100f02945abeb18484bd1ee57a079aefd52cffd17fba910b88"},
    {file = "MarkupSafe-2.1.1-cp38-cp38-musllinux_1_1_x86_64.whl", hash = "sha256:6a074d34ee7a5ce3effbc526b7083ec9731bb3cbf921bbe1d3005d4d2bdb3a63"},
    {file = "MarkupSafe-2.1.1-cp38-cp38-win32.whl", hash = "sha256:421be9fbf0ffe9ffd7a378aafebbf6f4602d564d34be190fc19a193232fd12b1"},
    {file = "MarkupSafe-2.1.1-cp38-cp38-win_amd64.whl", hash = "sha256:fc7b548b17d238737688817ab67deebb30e8073c95749d55538ed473130ec0c7"},
    {file = "MarkupSafe-2.1.1-cp39-cp39-macosx_10_9_universal2.whl", hash = "sha256:e04e26803c9c3851c931eac40c695602c6295b8d432cbe78609649ad9bd2da8a"},
    {file = "MarkupSafe-2.1.1-cp39-cp39-macosx_10_9_x86_64.whl", hash = "sha256:b87db4360013327109564f0e591bd2a3b318547bcef31b468a92ee504d07ae4f"},
    {file = "MarkupSafe-2.1.1-cp39-cp39-manylinux_2_17_aarch64.manylinux2014_aarch64.whl", hash = "sha256:99a2a507ed3ac881b975a2976d59f38c19386d128e7a9a18b7df6fff1fd4c1d6"},
    {file = "MarkupSafe-2.1.1-cp39-cp39-manylinux_2_17_x86_64.manylinux2014_x86_64.whl", hash = "sha256:56442863ed2b06d19c37f94d999035e15ee982988920e12a5b4ba29b62ad1f77"},
    {file = "MarkupSafe-2.1.1-cp39-cp39-manylinux_2_5_i686.manylinux1_i686.manylinux_2_17_i686.manylinux2014_i686.whl", hash = "sha256:3ce11ee3f23f79dbd06fb3d63e2f6af7b12db1d46932fe7bd8afa259a5996603"},
    {file = "MarkupSafe-2.1.1-cp39-cp39-musllinux_1_1_aarch64.whl", hash = "sha256:33b74d289bd2f5e527beadcaa3f401e0df0a89927c1559c8566c066fa4248ab7"},
    {file = "MarkupSafe-2.1.1-cp39-cp39-musllinux_1_1_i686.whl", hash = "sha256:43093fb83d8343aac0b1baa75516da6092f58f41200907ef92448ecab8825135"},
    {file = "MarkupSafe-2.1.1-cp39-cp39-musllinux_1_1_x86_64.whl", hash = "sha256:8e3dcf21f367459434c18e71b2a9532d96547aef8a871872a5bd69a715c15f96"},
    {file = "MarkupSafe-2.1.1-cp39-cp39-win32.whl", hash = "sha256:d4306c36ca495956b6d568d276ac11fdd9c30a36f1b6eb928070dc5360b22e1c"},
    {file = "MarkupSafe-2.1.1-cp39-cp39-win_amd64.whl", hash = "sha256:46d00d6cfecdde84d40e572d63735ef81423ad31184100411e6e3388d405e247"},
    {file = "MarkupSafe-2.1.1.tar.gz", hash = "sha256:7f91197cc9e48f989d12e4e6fbc46495c446636dfc81b9ccf50bb0ec74b91d4b"},
]
numpy = [
    {file = "numpy-1.23.3-cp310-cp310-macosx_10_9_x86_64.whl", hash = "sha256:c9f707b5bb73bf277d812ded9896f9512a43edff72712f31667d0a8c2f8e71ee"},
    {file = "numpy-1.23.3-cp310-cp310-macosx_11_0_arm64.whl", hash = "sha256:ffcf105ecdd9396e05a8e58e81faaaf34d3f9875f137c7372450baa5d77c9a54"},
    {file = "numpy-1.23.3-cp310-cp310-manylinux_2_17_aarch64.manylinux2014_aarch64.whl", hash = "sha256:0ea3f98a0ffce3f8f57675eb9119f3f4edb81888b6874bc1953f91e0b1d4f440"},
    {file = "numpy-1.23.3-cp310-cp310-manylinux_2_17_x86_64.manylinux2014_x86_64.whl", hash = "sha256:004f0efcb2fe1c0bd6ae1fcfc69cc8b6bf2407e0f18be308612007a0762b4089"},
    {file = "numpy-1.23.3-cp310-cp310-win32.whl", hash = "sha256:98dcbc02e39b1658dc4b4508442a560fe3ca5ca0d989f0df062534e5ca3a5c1a"},
    {file = "numpy-1.23.3-cp310-cp310-win_amd64.whl", hash = "sha256:39a664e3d26ea854211867d20ebcc8023257c1800ae89773cbba9f9e97bae036"},
    {file = "numpy-1.23.3-cp311-cp311-macosx_10_9_x86_64.whl", hash = "sha256:1f27b5322ac4067e67c8f9378b41c746d8feac8bdd0e0ffede5324667b8a075c"},
    {file = "numpy-1.23.3-cp311-cp311-macosx_11_0_arm64.whl", hash = "sha256:2ad3ec9a748a8943e6eb4358201f7e1c12ede35f510b1a2221b70af4bb64295c"},
    {file = "numpy-1.23.3-cp311-cp311-manylinux_2_17_aarch64.manylinux2014_aarch64.whl", hash = "sha256:bdc9febce3e68b697d931941b263c59e0c74e8f18861f4064c1f712562903411"},
    {file = "numpy-1.23.3-cp311-cp311-manylinux_2_17_x86_64.manylinux2014_x86_64.whl", hash = "sha256:301c00cf5e60e08e04d842fc47df641d4a181e651c7135c50dc2762ffe293dbd"},
    {file = "numpy-1.23.3-cp311-cp311-win32.whl", hash = "sha256:7cd1328e5bdf0dee621912f5833648e2daca72e3839ec1d6695e91089625f0b4"},
    {file = "numpy-1.23.3-cp311-cp311-win_amd64.whl", hash = "sha256:8355fc10fd33a5a70981a5b8a0de51d10af3688d7a9e4a34fcc8fa0d7467bb7f"},
    {file = "numpy-1.23.3-cp38-cp38-macosx_10_9_x86_64.whl", hash = "sha256:bc6e8da415f359b578b00bcfb1d08411c96e9a97f9e6c7adada554a0812a6cc6"},
    {file = "numpy-1.23.3-cp38-cp38-macosx_11_0_arm64.whl", hash = "sha256:22d43376ee0acd547f3149b9ec12eec2f0ca4a6ab2f61753c5b29bb3e795ac4d"},
    {file = "numpy-1.23.3-cp38-cp38-manylinux_2_17_aarch64.manylinux2014_aarch64.whl", hash = "sha256:a64403f634e5ffdcd85e0b12c08f04b3080d3e840aef118721021f9b48fc1460"},
    {file = "numpy-1.23.3-cp38-cp38-manylinux_2_17_x86_64.manylinux2014_x86_64.whl", hash = "sha256:efd9d3abe5774404becdb0748178b48a218f1d8c44e0375475732211ea47c67e"},
    {file = "numpy-1.23.3-cp38-cp38-win32.whl", hash = "sha256:f8c02ec3c4c4fcb718fdf89a6c6f709b14949408e8cf2a2be5bfa9c49548fd85"},
    {file = "numpy-1.23.3-cp38-cp38-win_amd64.whl", hash = "sha256:e868b0389c5ccfc092031a861d4e158ea164d8b7fdbb10e3b5689b4fc6498df6"},
    {file = "numpy-1.23.3-cp39-cp39-macosx_10_9_x86_64.whl", hash = "sha256:09f6b7bdffe57fc61d869a22f506049825d707b288039d30f26a0d0d8ea05164"},
    {file = "numpy-1.23.3-cp39-cp39-macosx_11_0_arm64.whl", hash = "sha256:8c79d7cf86d049d0c5089231a5bcd31edb03555bd93d81a16870aa98c6cfb79d"},
    {file = "numpy-1.23.3-cp39-cp39-manylinux_2_17_aarch64.manylinux2014_aarch64.whl", hash = "sha256:e5d5420053bbb3dd64c30e58f9363d7a9c27444c3648e61460c1237f9ec3fa14"},
    {file = "numpy-1.23.3-cp39-cp39-manylinux_2_17_x86_64.manylinux2014_x86_64.whl", hash = "sha256:d5422d6a1ea9b15577a9432e26608c73a78faf0b9039437b075cf322c92e98e7"},
    {file = "numpy-1.23.3-cp39-cp39-win32.whl", hash = "sha256:c1ba66c48b19cc9c2975c0d354f24058888cdc674bebadceb3cdc9ec403fb5d1"},
    {file = "numpy-1.23.3-cp39-cp39-win_amd64.whl", hash = "sha256:78a63d2df1d947bd9d1b11d35564c2f9e4b57898aae4626638056ec1a231c40c"},
    {file = "numpy-1.23.3-pp38-pypy38_pp73-macosx_10_9_x86_64.whl", hash = "sha256:17c0e467ade9bda685d5ac7f5fa729d8d3e76b23195471adae2d6a6941bd2c18"},
    {file = "numpy-1.23.3-pp38-pypy38_pp73-manylinux_2_17_x86_64.manylinux2014_x86_64.whl", hash = "sha256:91b8d6768a75247026e951dce3b2aac79dc7e78622fc148329135ba189813584"},
    {file = "numpy-1.23.3-pp38-pypy38_pp73-win_amd64.whl", hash = "sha256:94c15ca4e52671a59219146ff584488907b1f9b3fc232622b47e2cf832e94fb8"},
    {file = "numpy-1.23.3.tar.gz", hash = "sha256:51bf49c0cd1d52be0a240aa66f3458afc4b95d8993d2d04f0d91fa60c10af6cd"},
]
pandas = [
    {file = "pandas-1.3.4-cp310-cp310-macosx_10_9_universal2.whl", hash = "sha256:9707bdc1ea9639c886b4d3be6e2a45812c1ac0c2080f94c31b71c9fa35556f9b"},
    {file = "pandas-1.3.4-cp310-cp310-macosx_11_0_arm64.whl", hash = "sha256:c2f44425594ae85e119459bb5abb0748d76ef01d9c08583a667e3339e134218e"},
    {file = "pandas-1.3.4-cp310-cp310-manylinux_2_17_aarch64.manylinux2014_aarch64.whl", hash = "sha256:372d72a3d8a5f2dbaf566a5fa5fa7f230842ac80f29a931fb4b071502cf86b9a"},
    {file = "pandas-1.3.4-cp310-cp310-manylinux_2_17_x86_64.manylinux2014_x86_64.whl", hash = "sha256:d99d2350adb7b6c3f7f8f0e5dfb7d34ff8dd4bc0a53e62c445b7e43e163fce63"},
    {file = "pandas-1.3.4-cp310-cp310-win_amd64.whl", hash = "sha256:4acc28364863127bca1029fb72228e6f473bb50c32e77155e80b410e2068eeac"},
    {file = "pandas-1.3.4-cp37-cp37m-macosx_10_9_x86_64.whl", hash = "sha256:c2646458e1dce44df9f71a01dc65f7e8fa4307f29e5c0f2f92c97f47a5bf22f5"},
    {file = "pandas-1.3.4-cp37-cp37m-manylinux_2_17_aarch64.manylinux2014_aarch64.whl", hash = "sha256:5298a733e5bfbb761181fd4672c36d0c627320eb999c59c65156c6a90c7e1b4f"},
    {file = "pandas-1.3.4-cp37-cp37m-manylinux_2_17_x86_64.manylinux2014_x86_64.whl", hash = "sha256:22808afb8f96e2269dcc5b846decacb2f526dd0b47baebc63d913bf847317c8f"},
    {file = "pandas-1.3.4-cp37-cp37m-manylinux_2_5_i686.manylinux1_i686.manylinux_2_17_i686.manylinux2014_i686.whl", hash = "sha256:b528e126c13816a4374e56b7b18bfe91f7a7f6576d1aadba5dee6a87a7f479ae"},
    {file = "pandas-1.3.4-cp37-cp37m-win32.whl", hash = "sha256:fe48e4925455c964db914b958f6e7032d285848b7538a5e1b19aeb26ffaea3ec"},
    {file = "pandas-1.3.4-cp37-cp37m-win_amd64.whl", hash = "sha256:eaca36a80acaacb8183930e2e5ad7f71539a66805d6204ea88736570b2876a7b"},
    {file = "pandas-1.3.4-cp38-cp38-macosx_10_9_x86_64.whl", hash = "sha256:42493f8ae67918bf129869abea8204df899902287a7f5eaf596c8e54e0ac7ff4"},
    {file = "pandas-1.3.4-cp38-cp38-manylinux_2_17_aarch64.manylinux2014_aarch64.whl", hash = "sha256:a388960f979665b447f0847626e40f99af8cf191bce9dc571d716433130cb3a7"},
    {file = "pandas-1.3.4-cp38-cp38-manylinux_2_17_x86_64.manylinux2014_x86_64.whl", hash = "sha256:5ba0aac1397e1d7b654fccf263a4798a9e84ef749866060d19e577e927d66e1b"},
    {file = "pandas-1.3.4-cp38-cp38-manylinux_2_5_i686.manylinux1_i686.manylinux_2_17_i686.manylinux2014_i686.whl", hash = "sha256:f567e972dce3bbc3a8076e0b675273b4a9e8576ac629149cf8286ee13c259ae5"},
    {file = "pandas-1.3.4-cp38-cp38-win32.whl", hash = "sha256:c1aa4de4919358c5ef119f6377bc5964b3a7023c23e845d9db7d9016fa0c5b1c"},
    {file = "pandas-1.3.4-cp38-cp38-win_amd64.whl", hash = "sha256:dd324f8ee05925ee85de0ea3f0d66e1362e8c80799eb4eb04927d32335a3e44a"},
    {file = "pandas-1.3.4-cp39-cp39-macosx_10_9_x86_64.whl", hash = "sha256:d47750cf07dee6b55d8423471be70d627314277976ff2edd1381f02d52dbadf9"},
    {file = "pandas-1.3.4-cp39-cp39-manylinux_2_17_aarch64.manylinux2014_aarch64.whl", hash = "sha256:2d1dc09c0013d8faa7474574d61b575f9af6257ab95c93dcf33a14fd8d2c1bab"},
    {file = "pandas-1.3.4-cp39-cp39-manylinux_2_17_x86_64.manylinux2014_x86_64.whl", hash = "sha256:10e10a2527db79af6e830c3d5842a4d60383b162885270f8cffc15abca4ba4a9"},
    {file = "pandas-1.3.4-cp39-cp39-manylinux_2_5_i686.manylinux1_i686.manylinux_2_17_i686.manylinux2014_i686.whl", hash = "sha256:35c77609acd2e4d517da41bae0c11c70d31c87aae8dd1aabd2670906c6d2c143"},
    {file = "pandas-1.3.4-cp39-cp39-win32.whl", hash = "sha256:003ba92db58b71a5f8add604a17a059f3068ef4e8c0c365b088468d0d64935fd"},
    {file = "pandas-1.3.4-cp39-cp39-win_amd64.whl", hash = "sha256:a51528192755f7429c5bcc9e80832c517340317c861318fea9cea081b57c9afd"},
    {file = "pandas-1.3.4.tar.gz", hash = "sha256:a2aa18d3f0b7d538e21932f637fbfe8518d085238b429e4790a35e1e44a96ffc"},
]
psycopg2-binary = [
    {file = "psycopg2-binary-2.9.3.tar.gz", hash = "sha256:761df5313dc15da1502b21453642d7599d26be88bff659382f8f9747c7ebea4e"},
    {file = "psycopg2_binary-2.9.3-cp310-cp310-macosx_10_14_x86_64.macosx_10_9_intel.macosx_10_9_x86_64.macosx_10_10_intel.macosx_10_10_x86_64.whl", hash = "sha256:539b28661b71da7c0e428692438efbcd048ca21ea81af618d845e06ebfd29478"},
    {file = "psycopg2_binary-2.9.3-cp310-cp310-macosx_11_0_arm64.whl", hash = "sha256:2f2534ab7dc7e776a263b463a16e189eb30e85ec9bbe1bff9e78dae802608932"},
    {file = "psycopg2_binary-2.9.3-cp310-cp310-manylinux_2_17_i686.manylinux2014_i686.whl", hash = "sha256:6e82d38390a03da28c7985b394ec3f56873174e2c88130e6966cb1c946508e65"},
    {file = "psycopg2_binary-2.9.3-cp310-cp310-manylinux_2_17_x86_64.manylinux2014_x86_64.whl", hash = "sha256:57804fc02ca3ce0dbfbef35c4b3a4a774da66d66ea20f4bda601294ad2ea6092"},
    {file = "psycopg2_binary-2.9.3-cp310-cp310-manylinux_2_24_aarch64.whl", hash = "sha256:083a55275f09a62b8ca4902dd11f4b33075b743cf0d360419e2051a8a5d5ff76"},
    {file = "psycopg2_binary-2.9.3-cp310-cp310-manylinux_2_24_ppc64le.whl", hash = "sha256:0a29729145aaaf1ad8bafe663131890e2111f13416b60e460dae0a96af5905c9"},
    {file = "psycopg2_binary-2.9.3-cp310-cp310-musllinux_1_1_aarch64.whl", hash = "sha256:3a79d622f5206d695d7824cbf609a4f5b88ea6d6dab5f7c147fc6d333a8787e4"},
    {file = "psycopg2_binary-2.9.3-cp310-cp310-musllinux_1_1_i686.whl", hash = "sha256:090f3348c0ab2cceb6dfbe6bf721ef61262ddf518cd6cc6ecc7d334996d64efa"},
    {file = "psycopg2_binary-2.9.3-cp310-cp310-musllinux_1_1_ppc64le.whl", hash = "sha256:a9e1f75f96ea388fbcef36c70640c4efbe4650658f3d6a2967b4cc70e907352e"},
    {file = "psycopg2_binary-2.9.3-cp310-cp310-musllinux_1_1_x86_64.whl", hash = "sha256:c3ae8e75eb7160851e59adc77b3a19a976e50622e44fd4fd47b8b18208189d42"},
    {file = "psycopg2_binary-2.9.3-cp310-cp310-win32.whl", hash = "sha256:7b1e9b80afca7b7a386ef087db614faebbf8839b7f4db5eb107d0f1a53225029"},
    {file = "psycopg2_binary-2.9.3-cp310-cp310-win_amd64.whl", hash = "sha256:8b344adbb9a862de0c635f4f0425b7958bf5a4b927c8594e6e8d261775796d53"},
    {file = "psycopg2_binary-2.9.3-cp36-cp36m-macosx_10_14_x86_64.macosx_10_9_intel.macosx_10_9_x86_64.macosx_10_10_intel.macosx_10_10_x86_64.whl", hash = "sha256:e847774f8ffd5b398a75bc1c18fbb56564cda3d629fe68fd81971fece2d3c67e"},
    {file = "psycopg2_binary-2.9.3-cp36-cp36m-manylinux_2_17_i686.manylinux2014_i686.whl", hash = "sha256:68641a34023d306be959101b345732360fc2ea4938982309b786f7be1b43a4a1"},
    {file = "psycopg2_binary-2.9.3-cp36-cp36m-manylinux_2_17_x86_64.manylinux2014_x86_64.whl", hash = "sha256:3303f8807f342641851578ee7ed1f3efc9802d00a6f83c101d21c608cb864460"},
    {file = "psycopg2_binary-2.9.3-cp36-cp36m-manylinux_2_24_aarch64.whl", hash = "sha256:e3699852e22aa68c10de06524a3721ade969abf382da95884e6a10ff798f9281"},
    {file = "psycopg2_binary-2.9.3-cp36-cp36m-manylinux_2_24_ppc64le.whl", hash = "sha256:526ea0378246d9b080148f2d6681229f4b5964543c170dd10bf4faaab6e0d27f"},
    {file = "psycopg2_binary-2.9.3-cp36-cp36m-musllinux_1_1_aarch64.whl", hash = "sha256:b1c8068513f5b158cf7e29c43a77eb34b407db29aca749d3eb9293ee0d3103ca"},
    {file = "psycopg2_binary-2.9.3-cp36-cp36m-musllinux_1_1_i686.whl", hash = "sha256:15803fa813ea05bef089fa78835118b5434204f3a17cb9f1e5dbfd0b9deea5af"},
    {file = "psycopg2_binary-2.9.3-cp36-cp36m-musllinux_1_1_ppc64le.whl", hash = "sha256:152f09f57417b831418304c7f30d727dc83a12761627bb826951692cc6491e57"},
    {file = "psycopg2_binary-2.9.3-cp36-cp36m-musllinux_1_1_x86_64.whl", hash = "sha256:404224e5fef3b193f892abdbf8961ce20e0b6642886cfe1fe1923f41aaa75c9d"},
    {file = "psycopg2_binary-2.9.3-cp36-cp36m-win32.whl", hash = "sha256:1f6b813106a3abdf7b03640d36e24669234120c72e91d5cbaeb87c5f7c36c65b"},
    {file = "psycopg2_binary-2.9.3-cp36-cp36m-win_amd64.whl", hash = "sha256:2d872e3c9d5d075a2e104540965a1cf898b52274a5923936e5bfddb58c59c7c2"},
    {file = "psycopg2_binary-2.9.3-cp37-cp37m-macosx_10_14_x86_64.macosx_10_9_intel.macosx_10_9_x86_64.macosx_10_10_intel.macosx_10_10_x86_64.whl", hash = "sha256:10bb90fb4d523a2aa67773d4ff2b833ec00857f5912bafcfd5f5414e45280fb1"},
    {file = "psycopg2_binary-2.9.3-cp37-cp37m-manylinux_2_17_i686.manylinux2014_i686.whl", hash = "sha256:874a52ecab70af13e899f7847b3e074eeb16ebac5615665db33bce8a1009cf33"},
    {file = "psycopg2_binary-2.9.3-cp37-cp37m-manylinux_2_17_x86_64.manylinux2014_x86_64.whl", hash = "sha256:a29b3ca4ec9defec6d42bf5feb36bb5817ba3c0230dd83b4edf4bf02684cd0ae"},
    {file = "psycopg2_binary-2.9.3-cp37-cp37m-manylinux_2_24_aarch64.whl", hash = "sha256:12b11322ea00ad8db8c46f18b7dfc47ae215e4df55b46c67a94b4effbaec7094"},
    {file = "psycopg2_binary-2.9.3-cp37-cp37m-manylinux_2_24_ppc64le.whl", hash = "sha256:53293533fcbb94c202b7c800a12c873cfe24599656b341f56e71dd2b557be063"},
    {file = "psycopg2_binary-2.9.3-cp37-cp37m-musllinux_1_1_aarch64.whl", hash = "sha256:c381bda330ddf2fccbafab789d83ebc6c53db126e4383e73794c74eedce855ef"},
    {file = "psycopg2_binary-2.9.3-cp37-cp37m-musllinux_1_1_i686.whl", hash = "sha256:9d29409b625a143649d03d0fd7b57e4b92e0ecad9726ba682244b73be91d2fdb"},
    {file = "psycopg2_binary-2.9.3-cp37-cp37m-musllinux_1_1_ppc64le.whl", hash = "sha256:183a517a3a63503f70f808b58bfbf962f23d73b6dccddae5aa56152ef2bcb232"},
    {file = "psycopg2_binary-2.9.3-cp37-cp37m-musllinux_1_1_x86_64.whl", hash = "sha256:15c4e4cfa45f5a60599d9cec5f46cd7b1b29d86a6390ec23e8eebaae84e64554"},
    {file = "psycopg2_binary-2.9.3-cp37-cp37m-win32.whl", hash = "sha256:adf20d9a67e0b6393eac162eb81fb10bc9130a80540f4df7e7355c2dd4af9fba"},
    {file = "psycopg2_binary-2.9.3-cp37-cp37m-win_amd64.whl", hash = "sha256:2f9ffd643bc7349eeb664eba8864d9e01f057880f510e4681ba40a6532f93c71"},
    {file = "psycopg2_binary-2.9.3-cp38-cp38-macosx_10_14_x86_64.macosx_10_9_intel.macosx_10_9_x86_64.macosx_10_10_intel.macosx_10_10_x86_64.whl", hash = "sha256:def68d7c21984b0f8218e8a15d514f714d96904265164f75f8d3a70f9c295667"},
    {file = "psycopg2_binary-2.9.3-cp38-cp38-macosx_11_0_arm64.whl", hash = "sha256:e6aa71ae45f952a2205377773e76f4e3f27951df38e69a4c95440c779e013560"},
    {file = "psycopg2_binary-2.9.3-cp38-cp38-manylinux_2_17_i686.manylinux2014_i686.whl", hash = "sha256:dffc08ca91c9ac09008870c9eb77b00a46b3378719584059c034b8945e26b272"},
    {file = "psycopg2_binary-2.9.3-cp38-cp38-manylinux_2_17_x86_64.manylinux2014_x86_64.whl", hash = "sha256:280b0bb5cbfe8039205c7981cceb006156a675362a00fe29b16fbc264e242834"},
    {file = "psycopg2_binary-2.9.3-cp38-cp38-manylinux_2_24_aarch64.whl", hash = "sha256:af9813db73395fb1fc211bac696faea4ca9ef53f32dc0cfa27e4e7cf766dcf24"},
    {file = "psycopg2_binary-2.9.3-cp38-cp38-manylinux_2_24_ppc64le.whl", hash = "sha256:63638d875be8c2784cfc952c9ac34e2b50e43f9f0a0660b65e2a87d656b3116c"},
    {file = "psycopg2_binary-2.9.3-cp38-cp38-musllinux_1_1_aarch64.whl", hash = "sha256:ffb7a888a047696e7f8240d649b43fb3644f14f0ee229077e7f6b9f9081635bd"},
    {file = "psycopg2_binary-2.9.3-cp38-cp38-musllinux_1_1_i686.whl", hash = "sha256:0c9d5450c566c80c396b7402895c4369a410cab5a82707b11aee1e624da7d004"},
    {file = "psycopg2_binary-2.9.3-cp38-cp38-musllinux_1_1_ppc64le.whl", hash = "sha256:d1c1b569ecafe3a69380a94e6ae09a4789bbb23666f3d3a08d06bbd2451f5ef1"},
    {file = "psycopg2_binary-2.9.3-cp38-cp38-musllinux_1_1_x86_64.whl", hash = "sha256:8fc53f9af09426a61db9ba357865c77f26076d48669f2e1bb24d85a22fb52307"},
    {file = "psycopg2_binary-2.9.3-cp38-cp38-win32.whl", hash = "sha256:6472a178e291b59e7f16ab49ec8b4f3bdada0a879c68d3817ff0963e722a82ce"},
    {file = "psycopg2_binary-2.9.3-cp38-cp38-win_amd64.whl", hash = "sha256:35168209c9d51b145e459e05c31a9eaeffa9a6b0fd61689b48e07464ffd1a83e"},
    {file = "psycopg2_binary-2.9.3-cp39-cp39-macosx_10_14_x86_64.macosx_10_9_intel.macosx_10_9_x86_64.macosx_10_10_intel.macosx_10_10_x86_64.whl", hash = "sha256:47133f3f872faf28c1e87d4357220e809dfd3fa7c64295a4a148bcd1e6e34ec9"},
    {file = "psycopg2_binary-2.9.3-cp39-cp39-macosx_11_0_arm64.whl", hash = "sha256:b3a24a1982ae56461cc24f6680604fffa2c1b818e9dc55680da038792e004d18"},
    {file = "psycopg2_binary-2.9.3-cp39-cp39-manylinux_2_17_i686.manylinux2014_i686.whl", hash = "sha256:91920527dea30175cc02a1099f331aa8c1ba39bf8b7762b7b56cbf54bc5cce42"},
    {file = "psycopg2_binary-2.9.3-cp39-cp39-manylinux_2_17_x86_64.manylinux2014_x86_64.whl", hash = "sha256:887dd9aac71765ac0d0bac1d0d4b4f2c99d5f5c1382d8b770404f0f3d0ce8a39"},
    {file = "psycopg2_binary-2.9.3-cp39-cp39-manylinux_2_24_aarch64.whl", hash = "sha256:1f14c8b0942714eb3c74e1e71700cbbcb415acbc311c730370e70c578a44a25c"},
    {file = "psycopg2_binary-2.9.3-cp39-cp39-manylinux_2_24_ppc64le.whl", hash = "sha256:7af0dd86ddb2f8af5da57a976d27cd2cd15510518d582b478fbb2292428710b4"},
    {file = "psycopg2_binary-2.9.3-cp39-cp39-musllinux_1_1_aarch64.whl", hash = "sha256:93cd1967a18aa0edd4b95b1dfd554cf15af657cb606280996d393dadc88c3c35"},
    {file = "psycopg2_binary-2.9.3-cp39-cp39-musllinux_1_1_i686.whl", hash = "sha256:bda845b664bb6c91446ca9609fc69f7db6c334ec5e4adc87571c34e4f47b7ddb"},
    {file = "psycopg2_binary-2.9.3-cp39-cp39-musllinux_1_1_ppc64le.whl", hash = "sha256:01310cf4cf26db9aea5158c217caa92d291f0500051a6469ac52166e1a16f5b7"},
    {file = "psycopg2_binary-2.9.3-cp39-cp39-musllinux_1_1_x86_64.whl", hash = "sha256:99485cab9ba0fa9b84f1f9e1fef106f44a46ef6afdeec8885e0b88d0772b49e8"},
    {file = "psycopg2_binary-2.9.3-cp39-cp39-win32.whl", hash = "sha256:46f0e0a6b5fa5851bbd9ab1bc805eef362d3a230fbdfbc209f4a236d0a7a990d"},
    {file = "psycopg2_binary-2.9.3-cp39-cp39-win_amd64.whl", hash = "sha256:accfe7e982411da3178ec690baaceaad3c278652998b2c45828aaac66cd8285f"},
]
python-dateutil = [
    {file = "python-dateutil-2.8.2.tar.gz", hash = "sha256:0123cacc1627ae19ddf3c27a5de5bd67ee4586fbdd6440d9748f8abb483d3e86"},
    {file = "python_dateutil-2.8.2-py2.py3-none-any.whl", hash = "sha256:961d03dc3453ebbc59dbdea9e4e11c5651520a876d0f4db161e8674aae935da9"},
]
python-geosupport = [
    {file = "python-geosupport-1.0.8.tar.gz", hash = "sha256:8a7b4e06c76ca098ba82f8e162d27aa6510df4a95e99993549e81e3c6bda6277"},
]
pytz = [
    {file = "pytz-2022.4-py2.py3-none-any.whl", hash = "sha256:2c0784747071402c6e99f0bafdb7da0fa22645f06554c7ae06bf6358897e9c91"},
    {file = "pytz-2022.4.tar.gz", hash = "sha256:48ce799d83b6f8aab2020e369b627446696619e79645419610b9facd909b3174"},
]
requests = [
    {file = "requests-2.28.1-py3-none-any.whl", hash = "sha256:8fefa2a1a1365bf5520aac41836fbee479da67864514bdb821f31ce07ce65349"},
    {file = "requests-2.28.1.tar.gz", hash = "sha256:7c5599b102feddaa661c826c56ab4fee28bfd17f5abca1ebbe3e7f19d7c97983"},
]
six = [
    {file = "six-1.16.0-py2.py3-none-any.whl", hash = "sha256:8abb2f1d86890a2dfb989f9a77cfcfd3e47c2a354b01111771326f8aa26e0254"},
    {file = "six-1.16.0.tar.gz", hash = "sha256:1e61c37477a1626458e36f7b1d82aa5c9b094fa4802892072e49de9c60c4c926"},
]
sqlalchemy = [
    {file = "SQLAlchemy-1.4.27-cp27-cp27m-macosx_10_14_x86_64.whl", hash = "sha256:6afa9e4e63f066e0fd90a21db7e95e988d96127f52bfb298a0e9bec6999357a9"},
    {file = "SQLAlchemy-1.4.27-cp27-cp27m-manylinux_2_5_x86_64.manylinux1_x86_64.whl", hash = "sha256:ec1c908fa721f2c5684900cc8ff75555b1a5a2ae4f5a5694eb0e37a5263cea44"},
    {file = "SQLAlchemy-1.4.27-cp27-cp27m-win32.whl", hash = "sha256:0438bccc16349db2d5203598be6073175ce16d4e53b592d6e6cef880c197333e"},
    {file = "SQLAlchemy-1.4.27-cp27-cp27m-win_amd64.whl", hash = "sha256:435b1980c1333ffe3ab386ad28d7b209590b0fa83ea8544d853e7a22f957331b"},
    {file = "SQLAlchemy-1.4.27-cp27-cp27mu-manylinux_2_5_x86_64.manylinux1_x86_64.whl", hash = "sha256:486f7916ef77213103467924ef25f5ea1055ae901f385fe4d707604095fdf6a9"},
    {file = "SQLAlchemy-1.4.27-cp310-cp310-macosx_10_14_x86_64.whl", hash = "sha256:d81c84c9d2523b3ea20f8e3aceea68615768a7464c0f9a9899600ce6592ec570"},
    {file = "SQLAlchemy-1.4.27-cp310-cp310-manylinux_2_17_aarch64.manylinux2014_aarch64.whl", hash = "sha256:a5881644fc51af7b232ab8d64f75c0f32295dfe88c2ee188023795cdbd4cf99b"},
    {file = "SQLAlchemy-1.4.27-cp310-cp310-manylinux_2_5_x86_64.manylinux1_x86_64.manylinux_2_12_x86_64.manylinux2010_x86_64.whl", hash = "sha256:24828c5e74882cf41516740c0b150702bee4c6817d87d5c3d3bafef2e6896f80"},
    {file = "SQLAlchemy-1.4.27-cp310-cp310-manylinux_2_5_x86_64.manylinux1_x86_64.manylinux_2_17_x86_64.manylinux2014_x86_64.whl", hash = "sha256:c7d0a1b1258efff7d7f2e6cfa56df580d09ba29d35a1e3f604f867e1f685feb2"},
    {file = "SQLAlchemy-1.4.27-cp310-cp310-win32.whl", hash = "sha256:aadc6d1e58e14010ae4764d1ba1fd0928dbb9423b27a382ea3a1444f903f4084"},
    {file = "SQLAlchemy-1.4.27-cp310-cp310-win_amd64.whl", hash = "sha256:9134e5810262203388b203c2022bbcbf1a22e89861eef9340e772a73dd9076fa"},
    {file = "SQLAlchemy-1.4.27-cp36-cp36m-macosx_10_14_x86_64.whl", hash = "sha256:fa52534076394af7315306a8701b726a6521b591d95e8f4e5121c82f94790e8d"},
    {file = "SQLAlchemy-1.4.27-cp36-cp36m-manylinux_2_17_aarch64.manylinux2014_aarch64.whl", hash = "sha256:2717ceae35e71de1f58b0d1ee7e773d3aab5c403c6e79e8d262277c7f7f95269"},
    {file = "SQLAlchemy-1.4.27-cp36-cp36m-manylinux_2_5_x86_64.manylinux1_x86_64.manylinux_2_12_x86_64.manylinux2010_x86_64.whl", hash = "sha256:2e93624d186ea7a738ada47314701c8830e0e4b021a6bce7fbe6f39b87ee1516"},
    {file = "SQLAlchemy-1.4.27-cp36-cp36m-manylinux_2_5_x86_64.manylinux1_x86_64.manylinux_2_17_x86_64.manylinux2014_x86_64.whl", hash = "sha256:987fe2f84ceaf744fa0e48805152abe485a9d7002c9923b18a4b2529c7bff218"},
    {file = "SQLAlchemy-1.4.27-cp36-cp36m-win32.whl", hash = "sha256:2146ef996181e3d4dd20eaf1d7325eb62d6c8aa4dc1677c1872ddfa8561a47d9"},
    {file = "SQLAlchemy-1.4.27-cp36-cp36m-win_amd64.whl", hash = "sha256:ad8ec6b69d03e395db48df8991aa15fce3cd23e378b73e01d46a26a6efd5c26d"},
    {file = "SQLAlchemy-1.4.27-cp37-cp37m-macosx_10_14_x86_64.whl", hash = "sha256:52f23a76544ed29573c0f3ee41f0ca1aedbab3a453102b60b540cc6fa55448ad"},
    {file = "SQLAlchemy-1.4.27-cp37-cp37m-manylinux_2_17_aarch64.manylinux2014_aarch64.whl", hash = "sha256:fd421a14edf73cfe01e8f51ed8966294ee3b3db8da921cacc88e497fd6e977af"},
    {file = "SQLAlchemy-1.4.27-cp37-cp37m-manylinux_2_5_x86_64.manylinux1_x86_64.manylinux_2_12_x86_64.manylinux2010_x86_64.whl", hash = "sha256:10230364479429437f1b819a8839f1edc5744c018bfeb8d01320930f97695bc9"},
    {file = "SQLAlchemy-1.4.27-cp37-cp37m-manylinux_2_5_x86_64.manylinux1_x86_64.manylinux_2_17_x86_64.manylinux2014_x86_64.whl", hash = "sha256:78943451ab3ffd0e27876f9cea2b883317518b418f06b90dadf19394534637e9"},
    {file = "SQLAlchemy-1.4.27-cp37-cp37m-win32.whl", hash = "sha256:a81e40dfa50ed3c472494adadba097640bfcf43db160ed783132045eb2093cb1"},
    {file = "SQLAlchemy-1.4.27-cp37-cp37m-win_amd64.whl", hash = "sha256:015511c52c650eebf1059ed8a21674d9d4ae567ebfd80fc73f8252faccd71864"},
    {file = "SQLAlchemy-1.4.27-cp38-cp38-macosx_10_14_x86_64.whl", hash = "sha256:cc49fb8ff103900c20e4a9c53766c82a7ebbc183377fb357a8298bad216e9cdd"},
    {file = "SQLAlchemy-1.4.27-cp38-cp38-manylinux_2_17_aarch64.manylinux2014_aarch64.whl", hash = "sha256:9369f927f4d19b58322cfea8a51710a3f7c47a0e7f3398d94a4632760ecd74f6"},
    {file = "SQLAlchemy-1.4.27-cp38-cp38-manylinux_2_5_x86_64.manylinux1_x86_64.manylinux_2_12_x86_64.manylinux2010_x86_64.whl", hash = "sha256:6510f4a5029643301bdfe56b61e806093af2101d347d485c42a5535847d2c699"},
    {file = "SQLAlchemy-1.4.27-cp38-cp38-manylinux_2_5_x86_64.manylinux1_x86_64.manylinux_2_17_x86_64.manylinux2014_x86_64.whl", hash = "sha256:771eca9872b47a629010665ff92de1c248a6979b8d1603daced37773d6f6e365"},
    {file = "SQLAlchemy-1.4.27-cp38-cp38-win32.whl", hash = "sha256:4d1d707b752137e6bf45720648e1b828d5e4881d690df79cca07f7217ea06365"},
    {file = "SQLAlchemy-1.4.27-cp38-cp38-win_amd64.whl", hash = "sha256:c035184af4e58e154b0977eea52131edd096e0754a88f7d5a847e7ccb3510772"},
    {file = "SQLAlchemy-1.4.27-cp39-cp39-macosx_10_14_x86_64.whl", hash = "sha256:bac949be7579fed824887eed6672f44b7c4318abbfb2004b2c6968818b535a2f"},
    {file = "SQLAlchemy-1.4.27-cp39-cp39-manylinux_2_17_aarch64.manylinux2014_aarch64.whl", hash = "sha256:4ac8306e04275d382d6393e557047b0a9d7ddf9f7ca5da9b3edbd9323ea75bd9"},
    {file = "SQLAlchemy-1.4.27-cp39-cp39-manylinux_2_5_x86_64.manylinux1_x86_64.manylinux_2_12_x86_64.manylinux2010_x86_64.whl", hash = "sha256:8327e468b1775c0dfabc3d01f39f440585bf4d398508fcbbe2f0d931c502337d"},
    {file = "SQLAlchemy-1.4.27-cp39-cp39-manylinux_2_5_x86_64.manylinux1_x86_64.manylinux_2_17_x86_64.manylinux2014_x86_64.whl", hash = "sha256:b02eee1577976acb4053f83d32b7826424f8b9f70809fa756529a52c6537eda4"},
    {file = "SQLAlchemy-1.4.27-cp39-cp39-win32.whl", hash = "sha256:5beeff18b4e894f6cb73c8daf2c0d8768844ef40d97032bb187d75b1ec8de24b"},
    {file = "SQLAlchemy-1.4.27-cp39-cp39-win_amd64.whl", hash = "sha256:8dbe5f639e6d035778ebf700be6d573f82a13662c3c2c3aa0f1dba303b942806"},
    {file = "SQLAlchemy-1.4.27.tar.gz", hash = "sha256:d768359daeb3a86644f3854c6659e4496a3e6bba2b4651ecc87ce7ad415b320c"},
]
urllib3 = [
    {file = "urllib3-1.26.12-py2.py3-none-any.whl", hash = "sha256:b930dd878d5a8afb066a637fbb35144fe7901e3b209d1cd4f524bd0e9deee997"},
    {file = "urllib3-1.26.12.tar.gz", hash = "sha256:3fa96cf423e6987997fc326ae8df396db2a8b7c667747d47ddd8ecba91f4a74e"},
]
utils = [
    {file = "utils-1.0.1-py2.py3-none-any.whl", hash = "sha256:ff04549b95deb2fd7a82ddaea077e2f41209079e2482df231c358770b27b72a7"},
]
